
Microsoft Visual Studio Solution File, Format Version 12.00
# Visual Studio 15
VisualStudioVersion = 15.0.35213.121
MinimumVisualStudioVersion = 10.0.40219.1
Project("{8BC9CEB8-8B4A-11D0-8D11-00A0C91BC942}") = "Study_Cpp", "Study_Cpp\Study_Cpp.vcxproj", "{687922BC-7587-4AF8-B624-ACC709B00130}"
EndProject
Global
	GlobalSection(SolutionConfigurationPlatforms) = preSolution
		Debug|x64 = Debug|x64
		Debug|x86 = Debug|x86
		Release|x64 = Release|x64
		Release|x86 = Release|x86
	EndGlobalSection
	GlobalSection(ProjectConfigurationPlatforms) = postSolution
		{687922BC-7587-4AF8-B624-ACC709B00130}.Debug|x64.ActiveCfg = Debug|x64
		{687922BC-7587-4AF8-B624-ACC709B00130}.Debug|x64.Build.0 = Debug|x64
		{687922BC-7587-4AF8-B624-ACC709B00130}.Debug|x86.ActiveCfg = Debug|Win32
		{687922BC-7587-4AF8-B624-ACC709B00130}.Debug|x86.Build.0 = Debug|Win32
		{687922BC-7587-4AF8-B624-ACC709B00130}.Release|x64.ActiveCfg = Release|x64
		{687922BC-7587-4AF8-B624-ACC709B00130}.Release|x64.Build.0 = Release|x64
		{687922BC-7587-4AF8-B624-ACC709B00130}.Release|x86.ActiveCfg = Release|Win32
		{687922BC-7587-4AF8-B624-ACC709B00130}.Release|x86.Build.0 = Release|Win32
	EndGlobalSection
	GlobalSection(SolutionProperties) = preSolution
		HideSolutionNode = FALSE
	EndGlobalSection
	GlobalSection(ExtensibilityGlobals) = postSolution
		SolutionGuid = {7DECEA32-77F8-4627-8D00-5A3A6DA99EF3}
	EndGlobalSection
EndGlobal
